
Microsoft Visual Studio Solution File, Format Version 12.00
# Visual Studio Version 17
VisualStudioVersion = 17.8.34309.116
MinimumVisualStudioVersion = 10.0.40219.1
Project("{FAE04EC0-301F-11D3-BF4B-00C04F79EFBC}") = "Fundamento_BlazorServer", "Fundamento_BlazorServer\Fundamento_BlazorServer.csproj", "{20796806-FC98-4061-842D-746A8649A013}"
EndProject
Global
	GlobalSection(SolutionConfigurationPlatforms) = preSolution
		Debug|Any CPU = Debug|Any CPU
		Release|Any CPU = Release|Any CPU
	EndGlobalSection
	GlobalSection(ProjectConfigurationPlatforms) = postSolution
		{20796806-FC98-4061-842D-746A8649A013}.Debug|Any CPU.ActiveCfg = Debug|Any CPU
		{20796806-FC98-4061-842D-746A8649A013}.Debug|Any CPU.Build.0 = Debug|Any CPU
		{20796806-FC98-4061-842D-746A8649A013}.Release|Any CPU.ActiveCfg = Release|Any CPU
		{20796806-FC98-4061-842D-746A8649A013}.Release|Any CPU.Build.0 = Release|Any CPU
	EndGlobalSection
	GlobalSection(SolutionProperties) = preSolution
		HideSolutionNode = FALSE
	EndGlobalSection
	GlobalSection(ExtensibilityGlobals) = postSolution
		SolutionGuid = {1B1B1B88-166B-4366-A7CC-C9EB10237C84}
	EndGlobalSection
EndGlobal
